# This file is automatically @generated by Cargo.
# It is not intended for manual editing.
version = 4

[[package]]
name = "sid"
version = "0.0.1"

[[package]]
name = "sid-core"
version = "0.0.1"

[[package]]
name = "sid-job"
version = "0.0.1"

[[package]]
name = "sid-store"
version = "0.0.1"

[[package]]
name = "sid-ui"
version = "0.0.1"

[[package]]
name = "sid-widgets"
version = "0.0.1"
